// !$*UTF8*$!
{
	archiveVersion = 1;
	classes = {
	};
	objectVersion = 46;
	objects = {

/* Begin PBXBuildFile section */
		64DACBD21BA7A85E00D37F4A /* AppDelegate.swift in Sources */ = {isa = PBXBuildFile; fileRef = 64DACBD11BA7A85E00D37F4A /* AppDelegate.swift */; };
		64DACBD41BA7A85E00D37F4A /* ViewController.swift in Sources */ = {isa = PBXBuildFile; fileRef = 64DACBD31BA7A85E00D37F4A /* ViewController.swift */; };
		64DACBD71BA7A85E00D37F4A /* Main.storyboard in Resources */ = {isa = PBXBuildFile; fileRef = 64DACBD51BA7A85E00D37F4A /* Main.storyboard */; };
		64DACBD91BA7A85E00D37F4A /* Assets.xcassets in Resources */ = {isa = PBXBuildFile; fileRef = 64DACBD81BA7A85E00D37F4A /* Assets.xcassets */; };
		64DACBDC1BA7A85E00D37F4A /* LaunchScreen.storyboard in Resources */ = {isa = PBXBuildFile; fileRef = 64DACBDA1BA7A85E00D37F4A /* LaunchScreen.storyboard */; };
/* End PBXBuildFile section */

/* Begin PBXFileReference section */
		64DACBCE1BA7A85E00D37F4A /* testRootvc.app */ = {isa = PBXFileReference; explicitFileType = wrapper.application; includeInIndex = 0; path = testRootvc.app; sourceTree = BUILT_PRODUCTS_DIR; };
		64DACBD11BA7A85E00D37F4A /* AppDelegate.swift */ = {isa = PBXFileReference; lastKnownFileType = sourcecode.swift; path = AppDelegate.swift; sourceTree = "<group>"; };
		64DACBD31BA7A85E00D37F4A /* ViewController.swift */ = {isa = PBXFileReference; lastKnownFileType = sourcecode.swift; path = ViewController.swift; sourceTree = "<group>"; };
		64DACBD61BA7A85E00D37F4A /* Base */ = {isa = PBXFileReference; lastKnownFileType = file.storyboard; name = Base; path = Base.lproj/Main.storyboard; sourceTree = "<group>"; };
		64DACBD81BA7A85E00D37F4A /* Assets.xcassets */ = {isa = PBXFileReference; lastKnownFileType = folder.assetcatalog; path = Assets.xcassets; sourceTree = "<group>"; };
		64DACBDB1BA7A85E00D37F4A /* Base */ = {isa = PBXFileReference; lastKnownFileType = file.storyboard; name = Base; path = Base.lproj/LaunchScreen.storyboard; sourceTree = "<group>"; };
		64DACBDD1BA7A85E00D37F4A /* Info.plist */ = {isa = PBXFileReference; lastKnownFileType = text.plist.xml; path = Info.plist; sourceTree = "<group>"; };
/* End PBXFileReference section */

/* Begin PBXFrameworksBuildPhase section */
		64DACBCB1BA7A85E00D37F4A /* Frameworks */ = {
			isa = PBXFrameworksBuildPhase;
			buildActionMask = 2147483647;
			files = (
			);
			runOnlyForDeploymentPostprocessing = 0;
		};
/* End PBXFrameworksBuildPhase section */

/* Begin PBXGroup section */
		64DACBC51BA7A85E00D37F4A = {
			isa = PBXGroup;
			children = (
				64DACBD01BA7A85E00D37F4A /* testRootvc */,
				64DACBCF1BA7A85E00D37F4A /* Products */,
			);
			sourceTree = "<group>";
		};
		64DACBCF1BA7A85E00D37F4A /* Products */ = {
			isa = PBXGroup;
			children = (
				64DACBCE1BA7A85E00D37F4A /* testRootvc.app */,
			);
			name = Products;
			sourceTree = "<group>";
		};
		64DACBD01BA7A85E00D37F4A /* testRootvc */ = {
			isa = PBXGroup;
			children = (
				64DACBD11BA7A85E00D37F4A /* AppDelegate.swift */,
				64DACBD31BA7A85E00D37F4A /* ViewController.swift */,
				64DACBD51BA7A85E00D37F4A /* Main.storyboard */,
				64DACBD81BA7A85E00D37F4A /* Assets.xcassets */,
				64DACBDA1BA7A85E00D37F4A /* LaunchScreen.storyboard */,
				64DACBDD1BA7A85E00D37F4A /* Info.plist */,
			);
			path = testRootvc;
			sourceTree = "<group>";
		};
/* End PBXGroup section */

/* Begin PBXNativeTarget section */
		64DACBCD1BA7A85E00D37F4A /* testRootvc */ = {
			isa = PBXNativeTarget;
			buildConfigurationList = 64DACBE01BA7A85E00D37F4A /* Build configuration list for PBXNativeTarget "testRootvc" */;
			buildPhases = (
				64DACBCA1BA7A85E00D37F4A /* Sources */,
				64DACBCB1BA7A85E00D37F4A /* Frameworks */,
				64DACBCC1BA7A85E00D37F4A /* Resources */,
			);
			buildRules = (
			);
			dependencies = (
			);
			name = testRootvc;
			productName = testRootvc;
			productReference = 64DACBCE1BA7A85E00D37F4A /* testRootvc.app */;
			productType = "com.apple.product-type.application";
		};
/* End PBXNativeTarget section */

/* Begin PBXProject section */
		64DACBC61BA7A85E00D37F4A /* Project object */ = {
			isa = PBXProject;
			attributes = {
				LastUpgradeCheck = 0700;
				ORGANIZATIONNAME = csj;
				TargetAttributes = {
					64DACBCD1BA7A85E00D37F4A = {
						CreatedOnToolsVersion = 7.0;
						DevelopmentTeam = WGKK762EX7;
					};
				};
			};
			buildConfigurationList = 64DACBC91BA7A85E00D37F4A /* Build configuration list for PBXProject "testRootvc" */;
			compatibilityVersion = "Xcode 3.2";
			developmentRegion = English;
			hasScannedForEncodings = 0;
			knownRegions = (
				en,
				Base,
			);
			mainGroup = 64DACBC51BA7A85E00D37F4A;
			productRefGroup = 64DACBCF1BA7A85E00D37F4A /* Products */;
			projectDirPath = "";
			projectRoot = "";
			targets = (
				64DACBCD1BA7A85E00D37F4A /* testRootvc */,
			);
		};
/* End PBXProject section */

/* Begin PBXResourcesBuildPhase section */
		64DACBCC1BA7A85E00D37F4A /* Resources */ = {
			isa = PBXResourcesBuildPhase;
			buildActionMask = 2147483647;
			files = (
				64DACBDC1BA7A85E00D37F4A /* LaunchScreen.storyboard in Resources */,
				64DACBD91BA7A85E00D37F4A /* Assets.xcassets in Resources */,
				64DACBD71BA7A85E00D37F4A /* Main.storyboard in Resources */,
			);
			runOnlyForDeploymentPostprocessing = 0;
		};
/* End PBXResourcesBuildPhase section */

/* Begin PBXSourcesBuildPhase section */
		64DACBCA1BA7A85E00D37F4A /* Sources */ = {
			isa = PBXSourcesBuildPhase;
			buildActionMask = 2147483647;
			files = (
				64DACBD41BA7A85E00D37F4A /* ViewController.swift in Sources */,
				64DACBD21BA7A85E00D37F4A /* AppDelegate.swift in Sources */,
			);
			runOnlyForDeploymentPostprocessing = 0;
		};
/* End PBXSourcesBuildPhase section */

/* Begin PBXVariantGroup section */
		64DACBD51BA7A85E00D37F4A /* Main.storyboard */ = {
			isa = PBXVariantGroup;
			children = (
				64DACBD61BA7A85E00D37F4A /* Base */,
			);
			name = Main.storyboard;
			sourceTree = "<group>";
		};
		64DACBDA1BA7A85E00D37F4A /* LaunchScreen.storyboard */ = {
			isa = PBXVariantGroup;
			children = (
				64DACBDB1BA7A85E00D37F4A /* Base */,
			);
			name = LaunchScreen.storyboard;
			sourceTree = "<group>";
		};
/* End PBXVariantGroup section */

/* Begin XCBuildConfiguration section */
		64DACBDE1BA7A85E00D37F4A /* Debug */ = {
			isa = XCBuildConfiguration;
			buildSettings = {
				ALWAYS_SEARCH_USER_PATHS = NO;
				CLANG_CXX_LANGUAGE_STANDARD = "gnu++0x";
				CLANG_CXX_LIBRARY = "libc++";
				CLANG_ENABLE_MODULES = YES;
				CLANG_ENABLE_OBJC_ARC = YES;
				CLANG_WARN_BOOL_CONVERSION = YES;
				CLANG_WARN_CONSTANT_CONVERSION = YES;
				CLANG_WARN_DIRECT_OBJC_ISA_USAGE = YES_ERROR;
				CLANG_WARN_EMPTY_BODY = YES;
				CLANG_WARN_ENUM_CONVERSION = YES;
				CLANG_WARN_INT_CONVERSION = YES;
				CLANG_WARN_OBJC_ROOT_CLASS = YES_ERROR;
				CLANG_WARN_UNREACHABLE_CODE = YES;
				CLANG_WARN__DUPLICATE_METHOD_MATCH = YES;
				"CODE_SIGN_IDENTITY[sdk=iphoneos*]" = "iPhone Developer";
				COPY_PHASE_STRIP = NO;
				DEBUG_INFORMATION_FORMAT = dwarf;
				ENABLE_STRICT_OBJC_MSGSEND = YES;
				ENABLE_TESTABILITY = YES;
				GCC_C_LANGUAGE_STANDARD = gnu99;
				GCC_DYNAMIC_NO_PIC = NO;
				GCC_NO_COMMON_BLOCKS = YES;
				GCC_OPTIMIZATION_LEVEL = 0;
				GCC_PREPROCESSOR_DEFINITIONS = (
					"DEBUG=1",
					"$(inherited)",
				);
				GCC_WARN_64_TO_32_BIT_CONVERSION = YES;
				GCC_WARN_ABOUT_RETURN_TYPE = YES_ERROR;
				GCC_WARN_UNDECLARED_SELECTOR = YES;
				GCC_WARN_UNINITIALIZED_AUTOS = YES_AGGRESSIVE;
				GCC_WARN_UNUSED_FUNCTION = YES;
				GCC_WARN_UNUSED_VARIABLE = YES;
				IPHONEOS_DEPLOYMENT_TARGET = 9.0;
				MTL_ENABLE_DEBUG_INFO = YES;
				ONLY_ACTIVE_ARCH = YES;
				SDKROOT = iphoneos;
				SWIFT_OPTIMIZATION_LEVEL = "-Onone";
			};
			name = Debug;
		};
		64DACBDF1BA7A85E00D37F4A /* Release */ = {
			isa = XCBuildConfiguration;
			buildSettings = {
				ALWAYS_SEARCH_USER_PATHS = NO;
				CLANG_CXX_LANGUAGE_STANDARD = "gnu++0x";
				CLANG_CXX_LIBRARY = "libc++";
				CLANG_ENABLE_MODULES = YES;
				CLANG_ENABLE_OBJC_ARC = YES;
				CLANG_WARN_BOOL_CONVERSION = YES;
				CLANG_WARN_CONSTANT_CONVERSION = YES;
				CLANG_WARN_DIRECT_OBJC_ISA_USAGE = YES_ERROR;
				CLANG_WARN_EMPTY_BODY = YES;
				CLANG_WARN_ENUM_CONVERSION = YES;
				CLANG_WARN_INT_CONVERSION = YES;
				CLANG_WARN_OBJC_ROOT_CLASS = YES_ERROR;
				CLANG_WARN_UNREACHABLE_CODE = YES;
				CLANG_WARN__DUPLICATE_METHOD_MATCH = YES;
				"CODE_SIGN_IDENTITY[sdk=iphoneos*]" = "iPhone Developer";
				COPY_PHASE_STRIP = NO;
				DEBUG_INFORMATION_FORMAT = "dwarf-with-dsym";
				ENABLE_NS_ASSERTIONS = NO;
				ENABLE_STRICT_OBJC_MSGSEND = YES;
				GCC_C_LANGUAGE_STANDARD = gnu99;
				GCC_NO_COMMON_BLOCKS = YES;
				GCC_WARN_64_TO_32_BIT_CONVERSION = YES;
				GCC_WARN_ABOUT_RETURN_TYPE = YES_ERROR;
				GCC_WARN_UNDECLARED_SELECTOR = YES;
				GCC_WARN_UNINITIALIZED_AUTOS = YES_AGGRESSIVE;
				GCC_WARN_UNUSED_FUNCTION = YES;
				GCC_WARN_UNUSED_VARIABLE = YES;
				IPHONEOS_DEPLOYMENT_TARGET = 9.0;
				MTL_ENABLE_DEBUG_INFO = NO;
				SDKROOT = iphoneos;
				VALIDATE_PRODUCT = YES;
			};
			name = Release;
		};
		64DACBE11BA7A85E00D37F4A /* Debug */ = {
			isa = XCBuildConfiguration;
			buildSettings = {
				ASSETCATALOG_COMPILER_APPICON_NAME = AppIcon;
				INFOPLIST_FILE = testRootvc/Info.plist;
				LD_RUNPATH_SEARCH_PATHS = "$(inherited) @executable_path/Frameworks";
				PRODUCT_BUNDLE_IDENTIFIER = com.csj.testRootvc;
				PRODUCT_NAME = "$(TARGET_NAME)";
			};
			name = Debug;
		};
		64DACBE21BA7A85E00D37F4A /* Release */ = {
			isa = XCBuildConfiguration;
			buildSettings = {
				ASSETCATALOG_COMPILER_APPICON_NAME = AppIcon;
				INFOPLIST_FILE = testRootvc/Info.plist;
				LD_RUNPATH_SEARCH_PATHS = "$(inherited) @executable_path/Frameworks";
				PRODUCT_BUNDLE_IDENTIFIER = com.csj.testRootvc;
				PRODUCT_NAME = "$(TARGET_NAME)";
			};
			name = Release;
		};
/* End XCBuildConfiguration section */

/* Begin XCConfigurationList section */
		64DACBC91BA7A85E00D37F4A /* Build configuration list for PBXProject "testRootvc" */ = {
			isa = XCConfigurationList;
			buildConfigurations = (
				64DACBDE1BA7A85E00D37F4A /* Debug */,
				64DACBDF1BA7A85E00D37F4A /* Release */,
			);
			defaultConfigurationIsVisible = 0;
			defaultConfigurationName = Release;
		};
		64DACBE01BA7A85E00D37F4A /* Build configuration list for PBXNativeTarget "testRootvc" */ = {
			isa = XCConfigurationList;
			buildConfigurations = (
				64DACBE11BA7A85E00D37F4A /* Debug */,
				64DACBE21BA7A85E00D37F4A /* Release */,
			);
			defaultConfigurationIsVisible = 0;
		};
/* End XCConfigurationList section */
	};
	rootObject = 64DACBC61BA7A85E00D37F4A /* Project object */;
}
